version: 6
environments:
  default:
    channels:
    - url: https://conda.anaconda.org/conda-forge/
    indexes:
    - https://pypi.org/simple
    packages:
      osx-arm64:
      - conda: https://conda.anaconda.org/conda-forge/osx-arm64/bzip2-1.0.8-hd037594_9.conda
      - conda: https://conda.anaconda.org/conda-forge/noarch/ca-certificates-2026.2.25-hbd8a1cb_0.conda
      - conda: https://conda.anaconda.org/conda-forge/osx-arm64/icu-78.2-hef89b57_0.conda
      - conda: https://conda.anaconda.org/conda-forge/osx-arm64/libcxx-22.1.0-h55c6f16_1.conda
      - conda: https://conda.anaconda.org/conda-forge/osx-arm64/libexpat-2.7.4-hf6b4638_0.conda
      - conda: https://conda.anaconda.org/conda-forge/osx-arm64/libffi-3.5.2-hcf2aa1b_0.conda
      - conda: https://conda.anaconda.org/conda-forge/osx-arm64/liblzma-5.8.2-h8088a28_0.conda
      - conda: https://conda.anaconda.org/conda-forge/osx-arm64/libmpdec-4.0.0-h84a0fba_1.conda
      - conda: https://conda.anaconda.org/conda-forge/osx-arm64/libsqlite-3.52.0-h1ae2325_0.conda
      - conda: https://conda.anaconda.org/conda-forge/osx-arm64/libzlib-1.3.1-h8359307_2.conda
      - conda: https://conda.anaconda.org/conda-forge/osx-arm64/ncurses-6.5-h5e97a16_3.conda
      - conda: https://conda.anaconda.org/conda-forge/osx-arm64/openssl-3.5.5-hd24854e_1.conda
      - conda: https://conda.anaconda.org/conda-forge/osx-arm64/python-3.14.3-h4c637c5_101_cp314.conda
      - conda: https://conda.anaconda.org/conda-forge/noarch/python_abi-3.14-8_cp314.conda
      - conda: https://conda.anaconda.org/conda-forge/osx-arm64/readline-8.3-h46df422_0.conda
      - conda: https://conda.anaconda.org/conda-forge/osx-arm64/tk-8.6.13-h010d191_3.conda
      - conda: https://conda.anaconda.org/conda-forge/noarch/tzdata-2025c-hc9c84f9_1.conda
      - conda: https://conda.anaconda.org/conda-forge/osx-arm64/uv-0.10.8-h9b11cc2_0.conda
      - conda: https://conda.anaconda.org/conda-forge/osx-arm64/zstd-1.5.7-hbf9d68e_6.conda
      - pypi: https://files.pythonhosted.org/packages/bc/8a/340a1555ae33d7354dbca4faa54948d76d89a27ceef032c8c3bc661d003e/aiofiles-25.1.0-py3-none-any.whl
      - pypi: https://files.pythonhosted.org/packages/81/29/5ecc3a15d5a33e31b26c11426c45c501e439cb865d0bff96315d86443b78/appnope-0.1.4-py2.py3-none-any.whl
      - pypi: https://files.pythonhosted.org/packages/d2/39/e7eaf1799466a4aef85b6a4fe7bd175ad2b1c6345066aa33f1f58d4b18d0/asttokens-3.0.1-py3-none-any.whl
      - pypi: https://files.pythonhosted.org/packages/9a/3c/c17fb3ca2d9c3acff52e30b309f538586f9f5b9c9cf454f3845fc9af4881/certifi-2026.2.25-py3-none-any.whl
      - pypi: https://files.pythonhosted.org/packages/43/be/0f0fd9bb4a7fa4fb5067fb7d9ac693d4e928d306f80a0d02bde43a7c4aee/charset_normalizer-3.4.5-cp314-cp314-macosx_10_15_universal2.whl
      - pypi: https://files.pythonhosted.org/packages/60/97/891a0971e1e4a8c5d2b20bbe0e524dc04548d2307fee33cdeba148fd4fc7/comm-0.2.3-py3-none-any.whl
      - pypi: https://files.pythonhosted.org/packages/e0/c3/7f67dea8ccf8fdcb9c99033bbe3e90b9e7395415843accb81428c441be2d/debugpy-1.8.20-py2.py3-none-any.whl
      - pypi: https://files.pythonhosted.org/packages/4e/8c/f3147f5c4b73e7550fe5f9352eaa956ae838d5c51eb58e7a25b9f3e2643b/decorator-5.2.1-py3-none-any.whl
      - pypi: https://files.pythonhosted.org/packages/14/5a/4ddfd9aeecdc75a78b5d85d882abc2b822115caae2c00a4d0eb23cc101fc/elementpath-5.1.1-py3-none-any.whl
      - pypi: https://files.pythonhosted.org/packages/c1/ea/53f2148663b321f21b5a606bd5f191517cf40b7072c0497d3c92c4a13b1e/executing-2.2.1-py2.py3-none-any.whl
      - pypi: https://files.pythonhosted.org/packages/0e/61/66938bbb5fc52dbdf84594873d5b51fb1f7c7794e9c0f5bd885f30bc507b/idna-3.11-py3-none-any.whl
      - pypi: https://files.pythonhosted.org/packages/82/b9/e73d5d9f405cba7706c539aa8b311b49d4c2f3d698d9c12f815231169c71/ipykernel-7.2.0-py3-none-any.whl
      - pypi: https://files.pythonhosted.org/packages/98/18/f08867a10c1c67064c5cf42c99884de7b9395ca2f0468ff346b1d2351021/ipylab-1.1.0-py3-none-any.whl
      - pypi: https://files.pythonhosted.org/packages/b2/90/45c72becc57158facc6a6404f663b77bbcea2519ca57f760e2879ae1315d/ipython-9.11.0-py3-none-any.whl
      - pypi: https://files.pythonhosted.org/packages/d9/33/1f075bf72b0b747cb3288d011319aaf64083cf2efef8354174e3ed4540e2/ipython_pygments_lexers-1.1.1-py3-none-any.whl
      - pypi: https://files.pythonhosted.org/packages/56/6d/0d9848617b9f753b87f214f1c682592f7ca42de085f564352f10f0843026/ipywidgets-8.1.8-py3-none-any.whl
      - pypi: https://files.pythonhosted.org/packages/c0/5a/9cac0c82afec3d09ccd97c8b6502d48f165f9124db81b4bcb90b4af974ee/jedi-0.19.2-py2.py3-none-any.whl
      - pypi: https://files.pythonhosted.org/packages/2d/0b/ceb7694d864abc0a047649aec263878acb9f792e1fec3e676f22dc9015e3/jupyter_client-8.8.0-py3-none-any.whl
      - pypi: https://files.pythonhosted.org/packages/e7/e7/80988e32bf6f73919a113473a604f5a8f09094de312b9d52b79c2df7612b/jupyter_core-5.9.1-py3-none-any.whl
      - pypi: https://files.pythonhosted.org/packages/ab/b5/36c712098e6191d1b4e349304ef73a8d06aed77e56ceaac8c0a306c7bda1/jupyterlab_widgets-3.0.16-py3-none-any.whl
      - pypi: https://files.pythonhosted.org/packages/af/33/ee4519fa02ed11a94aef9559552f3b17bb863f2ecfe1a35dc7f548cde231/matplotlib_inline-0.2.1-py3-none-any.whl
      - pypi: https://files.pythonhosted.org/packages/43/e3/7d92a15f894aa0c9c4b49b8ee9ac9850d6e63b03c9c32c0367a13ae62209/mpmath-1.3.0-py3-none-any.whl
      - pypi: https://files.pythonhosted.org/packages/a0/c4/c2971a3ba4c6103a3d10c4b0f24f461ddc027f0f09763220cf35ca1401b3/nest_asyncio-1.6.0-py3-none-any.whl
      - pypi: https://files.pythonhosted.org/packages/9e/c9/b2622292ea83fbb4ec318f5b9ab867d0a28ab43c5717bb85b0a5f6b3b0a4/networkx-3.6.1-py3-none-any.whl
      - pypi: https://files.pythonhosted.org/packages/25/7a/1fee4329abc705a469a4afe6e69b1ef7e915117747886327104a8493a955/numpy-2.4.2-cp314-cp314-macosx_11_0_arm64.whl
      - pypi: https://files.pythonhosted.org/packages/b7/b9/c538f279a4e237a006a2c98387d081e9eb060d203d8ed34467cc0f0b9b53/packaging-26.0-py3-none-any.whl
      - pypi: https://files.pythonhosted.org/packages/b6/61/fae042894f4296ec49e3f193aff5d7c18440da9e48102c3315e1bc4519a7/parso-0.8.6-py2.py3-none-any.whl
      - pypi: https://files.pythonhosted.org/packages/9e/c3/059298687310d527a58bb01f3b1965787ee3b40dce76752eda8b44e9a2c5/pexpect-4.9.0-py2.py3-none-any.whl
      - pypi: https://files.pythonhosted.org/packages/63/d7/97f7e3a6abb67d8080dd406fd4df842c2be0efaf712d1c899c32a075027c/platformdirs-4.9.4-py3-none-any.whl
      - pypi: https://files.pythonhosted.org/packages/0a/49/737c1a6273c585719858261753da0b688454d1b634438ccba8a9c4eb5aab/polars-1.38.1-py3-none-any.whl
      - pypi: https://files.pythonhosted.org/packages/a7/fb/599ff3709e6a303024efd7edfd08cf8de55c6ac39527d8f41cbc4399385f/polars_runtime_32-1.38.1-cp310-abi3-macosx_11_0_arm64.whl
      - pypi: https://files.pythonhosted.org/packages/84/03/0d3ce49e2505ae70cf43bc5bb3033955d2fc9f932163e84dc0779cc47f48/prompt_toolkit-3.0.52-py3-none-any.whl
      - pypi: https://files.pythonhosted.org/packages/80/c4/f5af4c1ca8c1eeb2e92ccca14ce8effdeec651d5ab6053c589b074eda6e1/psutil-7.2.2-cp36-abi3-macosx_11_0_arm64.whl
      - pypi: https://files.pythonhosted.org/packages/22/a6/858897256d0deac81a172289110f31629fc4cee19b6f01283303e18c8db3/ptyprocess-0.7.0-py2.py3-none-any.whl
      - pypi: https://files.pythonhosted.org/packages/8e/37/efad0257dc6e593a18957422533ff0f87ede7c9c6ea010a2177d738fb82f/pure_eval-0.2.3-py3-none-any.whl
      - pypi: https://files.pythonhosted.org/packages/c7/21/705964c7812476f378728bdf590ca4b771ec72385c533964653c68e86bdc/pygments-2.19.2-py3-none-any.whl
      - pypi: https://files.pythonhosted.org/packages/df/80/fc9d01d5ed37ba4c42ca2b55b4339ae6e200b456be3a1aaddf4a9fa99b8c/pyperclip-1.11.0-py3-none-any.whl
      - pypi: https://files.pythonhosted.org/packages/ec/57/56b9bcc3c9c6a792fcbaf139543cee77261f3651ca9da0c93f5c1221264b/python_dateutil-2.9.0.post0-py2.py3-none-any.whl
      - pypi: https://files.pythonhosted.org/packages/92/e7/038aab64a946d535901103da16b953c8c9cc9c961dadcbf3609ed6428d23/pyzmq-27.1.0-cp312-abi3-macosx_10_15_universal2.whl
      - pypi: https://files.pythonhosted.org/packages/1e/db/4254e3eabe8020b458f1a747140d32277ec7a271daf1d235b70dc0b4e6e3/requests-2.32.5-py3-none-any.whl
      - pypi: https://files.pythonhosted.org/packages/b7/ce/149a00dd41f10bc29e5921b496af8b574d8413afcd5e30dfa0ed46c2cc5e/six-1.17.0-py2.py3-none-any.whl
      - pypi: https://files.pythonhosted.org/packages/f1/7b/ce1eafaf1a76852e2ec9b22edecf1daa58175c090266e9f6c64afcd81d91/stack_data-0.6.3-py3-none-any.whl
      - pypi: https://files.pythonhosted.org/packages/a2/09/77d55d46fd61b4a135c444fc97158ef34a095e5681d0a6c10b75bf356191/sympy-1.14.0-py3-none-any.whl
      - pypi: https://files.pythonhosted.org/packages/ab/a9/e94a9d5224107d7ce3cc1fab8d5dc97f5ea351ccc6322ee4fb661da94e35/tornado-6.5.4-cp39-abi3-macosx_10_9_universal2.whl
      - pypi: https://files.pythonhosted.org/packages/00/c0/8f5d070730d7836adc9c9b6408dec68c6ced86b304a9b26a14df072a6e8c/traitlets-5.14.3-py3-none-any.whl
      - pypi: https://files.pythonhosted.org/packages/39/08/aaaad47bc4e9dc8c725e68f9d04865dbcb2052843ff09c97b08904852d84/urllib3-2.6.3-py3-none-any.whl
      - pypi: https://files.pythonhosted.org/packages/68/5a/199c59e0a824a3db2b89c5d2dade7ab5f9624dbf6448dc291b46d5ec94d3/wcwidth-0.6.0-py3-none-any.whl
      - pypi: https://files.pythonhosted.org/packages/bb/f4/d3c9220d818ee955ae390cf319a7c7a467beceb24f05ee7aaaa2414345ba/websockets-16.0-cp314-cp314-macosx_11_0_arm64.whl
      - pypi: https://files.pythonhosted.org/packages/3f/0e/fa3b193432cfc60c93b42f3be03365f5f909d2b3ea410295cf36df739e31/widgetsnbextension-4.0.15-py3-none-any.whl
      - pypi: https://files.pythonhosted.org/packages/dd/7b/3471405875d0b5fac642e9a879b2c7db63642370799b2e9eea8297ffbad0/xmlschema-4.3.1-py3-none-any.whl
      - pypi: /Users/manabu/work/ggblab/dist/ggblab-1.7.0-py3-none-any.whl
packages:
- pypi: https://files.pythonhosted.org/packages/bc/8a/340a1555ae33d7354dbca4faa54948d76d89a27ceef032c8c3bc661d003e/aiofiles-25.1.0-py3-none-any.whl
  name: aiofiles
  version: 25.1.0
  sha256: abe311e527c862958650f9438e859c1fa7568a141b22abcd015e120e86a85695
  requires_python: '>=3.9'
- pypi: https://files.pythonhosted.org/packages/81/29/5ecc3a15d5a33e31b26c11426c45c501e439cb865d0bff96315d86443b78/appnope-0.1.4-py2.py3-none-any.whl
  name: appnope
  version: 0.1.4
  sha256: 502575ee11cd7a28c0205f379b525beefebab9d161b7c964670864014ed7213c
  requires_python: '>=3.6'
- pypi: https://files.pythonhosted.org/packages/d2/39/e7eaf1799466a4aef85b6a4fe7bd175ad2b1c6345066aa33f1f58d4b18d0/asttokens-3.0.1-py3-none-any.whl
  name: asttokens
  version: 3.0.1
  sha256: 15a3ebc0f43c2d0a50eeafea25e19046c68398e487b9f1f5b517f7c0f40f976a
  requires_dist:
  - astroid>=2,<5 ; extra == 'astroid'
  - astroid>=2,<5 ; extra == 'test'
  - pytest<9.0 ; extra == 'test'
  - pytest-cov ; extra == 'test'
  - pytest-xdist ; extra == 'test'
  requires_python: '>=3.8'
- conda: https://conda.anaconda.org/conda-forge/osx-arm64/bzip2-1.0.8-hd037594_9.conda
  sha256: 540fe54be35fac0c17feefbdc3e29725cce05d7367ffedfaaa1bdda234b019df
  md5: 620b85a3f45526a8bc4d23fd78fc22f0
  depends:
  - __osx >=11.0
  arch: arm64
  platform: osx
  license: bzip2-1.0.6
  license_family: BSD
  purls: []
  size: 124834
  timestamp: 1771350416561
- conda: https://conda.anaconda.org/conda-forge/noarch/ca-certificates-2026.2.25-hbd8a1cb_0.conda
  sha256: 67cc7101b36421c5913a1687ef1b99f85b5d6868da3abbf6ec1a4181e79782fc
  md5: 4492fd26db29495f0ba23f146cd5638d
  depends:
  - __unix
  license: ISC
  purls: []
  size: 147413
  timestamp: 1772006283803
- pypi: https://files.pythonhosted.org/packages/9a/3c/c17fb3ca2d9c3acff52e30b309f538586f9f5b9c9cf454f3845fc9af4881/certifi-2026.2.25-py3-none-any.whl
  name: certifi
  version: 2026.2.25
  sha256: 027692e4402ad994f1c42e52a4997a9763c646b73e4096e4d5d6db8af1d6f0fa
  requires_python: '>=3.7'
- pypi: https://files.pythonhosted.org/packages/43/be/0f0fd9bb4a7fa4fb5067fb7d9ac693d4e928d306f80a0d02bde43a7c4aee/charset_normalizer-3.4.5-cp314-cp314-macosx_10_15_universal2.whl
  name: charset-normalizer
  version: 3.4.5
  sha256: 8197abe5ca1ffb7d91e78360f915eef5addff270f8a71c1fc5be24a56f3e4873
  requires_python: '>=3.7'
- pypi: https://files.pythonhosted.org/packages/60/97/891a0971e1e4a8c5d2b20bbe0e524dc04548d2307fee33cdeba148fd4fc7/comm-0.2.3-py3-none-any.whl
  name: comm
  version: 0.2.3
  sha256: c615d91d75f7f04f095b30d1c1711babd43bdc6419c1be9886a85f2f4e489417
  requires_dist:
  - pytest ; extra == 'test'
  requires_python: '>=3.8'
- pypi: https://files.pythonhosted.org/packages/e0/c3/7f67dea8ccf8fdcb9c99033bbe3e90b9e7395415843accb81428c441be2d/debugpy-1.8.20-py2.py3-none-any.whl
  name: debugpy
  version: 1.8.20
  sha256: 5be9bed9ae3be00665a06acaa48f8329d2b9632f15fd09f6a9a8c8d9907e54d7
  requires_python: '>=3.8'
- pypi: https://files.pythonhosted.org/packages/4e/8c/f3147f5c4b73e7550fe5f9352eaa956ae838d5c51eb58e7a25b9f3e2643b/decorator-5.2.1-py3-none-any.whl
  name: decorator
  version: 5.2.1
  sha256: d316bb415a2d9e2d2b3abcc4084c6502fc09240e292cd76a76afc106a1c8e04a
  requires_python: '>=3.8'
- pypi: https://files.pythonhosted.org/packages/14/5a/4ddfd9aeecdc75a78b5d85d882abc2b822115caae2c00a4d0eb23cc101fc/elementpath-5.1.1-py3-none-any.whl
  name: elementpath
  version: 5.1.1
  sha256: 57637359065e60654422d8474c1749b09bb21348012b7197f868027e3c09c9b9
  requires_dist:
  - coverage ; extra == 'dev'
  - flake8 ; extra == 'dev'
  - lxml ; extra == 'dev'
  - lxml-stubs ; extra == 'dev'
  - memray ; platform_python_implementation != 'PyPy' and extra == 'dev'
  - mypy ; extra == 'dev'
  - psutil ; extra == 'dev'
  - sphinx ; extra == 'dev'
  - tox>=4.0 ; extra == 'dev'
  - xmlschema>=4.0.1 ; extra == 'dev'
  - sphinx ; extra == 'docs'
  - readthedocs-sphinx-search ; extra == 'docs'
  requires_python: '>=3.10'
- pypi: https://files.pythonhosted.org/packages/c1/ea/53f2148663b321f21b5a606bd5f191517cf40b7072c0497d3c92c4a13b1e/executing-2.2.1-py2.py3-none-any.whl
  name: executing
  version: 2.2.1
  sha256: 760643d3452b4d777d295bb167ccc74c64a81df23fb5e08eff250c425a4b2017
  requires_dist:
  - asttokens>=2.1.0 ; extra == 'tests'
  - ipython ; extra == 'tests'
  - pytest ; extra == 'tests'
  - coverage ; extra == 'tests'
  - coverage-enable-subprocess ; extra == 'tests'
  - littleutils ; extra == 'tests'
  - rich ; python_full_version >= '3.11' and extra == 'tests'
  requires_python: '>=3.8'
- pypi: /Users/manabu/work/ggblab/dist/ggblab-1.7.0-py3-none-any.whl
  name: ggblab
  version: 1.7.0
  requires_dist:
  - aiofiles
  - ipykernel
  - ipylab
  - networkx
  - numpy
  - polars
  - pyperclip
  - sympy
  - websockets
  - xmlschema
  requires_python: '>=3.10'
- conda: https://conda.anaconda.org/conda-forge/osx-arm64/icu-78.2-hef89b57_0.conda
  sha256: 24bc62335106c30fecbcc1dba62c5eba06d18b90ea1061abd111af7b9c89c2d7
  md5: 114e6bfe7c5ad2525eb3597acdbf2300
  depends:
  - __osx >=11.0
  arch: arm64
  platform: osx
  license: MIT
  license_family: MIT
  purls: []
  size: 12389400
  timestamp: 1772209104304
- pypi: https://files.pythonhosted.org/packages/0e/61/66938bbb5fc52dbdf84594873d5b51fb1f7c7794e9c0f5bd885f30bc507b/idna-3.11-py3-none-any.whl
  name: idna
  version: '3.11'
  sha256: 771a87f49d9defaf64091e6e6fe9c18d4833f140bd19464795bc32d966ca37ea
  requires_dist:
  - ruff>=0.6.2 ; extra == 'all'
  - mypy>=1.11.2 ; extra == 'all'
  - pytest>=8.3.2 ; extra == 'all'
  - flake8>=7.1.1 ; extra == 'all'
  requires_python: '>=3.8'
- pypi: https://files.pythonhosted.org/packages/82/b9/e73d5d9f405cba7706c539aa8b311b49d4c2f3d698d9c12f815231169c71/ipykernel-7.2.0-py3-none-any.whl
  name: ipykernel
  version: 7.2.0
  sha256: 3bbd4420d2b3cc105cbdf3756bfc04500b1e52f090a90716851f3916c62e1661
  requires_dist:
  - appnope>=0.1.2 ; sys_platform == 'darwin'
  - comm>=0.1.1
  - debugpy>=1.6.5
  - ipython>=7.23.1
  - jupyter-client>=8.8.0
  - jupyter-core>=5.1,!=6.0.*
  - matplotlib-inline>=0.1
  - nest-asyncio>=1.4
  - packaging>=22
  - psutil>=5.7
  - pyzmq>=25
  - tornado>=6.4.1
  - traitlets>=5.4.0
  - coverage[toml] ; extra == 'cov'
  - matplotlib ; extra == 'cov'
  - pytest-cov ; extra == 'cov'
  - trio ; extra == 'cov'
  - intersphinx-registry ; extra == 'docs'
  - myst-parser ; extra == 'docs'
  - pydata-sphinx-theme ; extra == 'docs'
  - sphinx-autodoc-typehints ; extra == 'docs'
  - sphinx<8.2.0 ; extra == 'docs'
  - sphinxcontrib-github-alt ; extra == 'docs'
  - sphinxcontrib-spelling ; extra == 'docs'
  - trio ; extra == 'docs'
  - pyqt5 ; extra == 'pyqt5'
  - pyside6 ; extra == 'pyside6'
  - flaky ; extra == 'test'
  - ipyparallel ; extra == 'test'
  - pre-commit ; extra == 'test'
  - pytest-asyncio>=0.23.5 ; extra == 'test'
  - pytest-cov ; extra == 'test'
  - pytest-timeout ; extra == 'test'
  - pytest>=7.0,<10 ; extra == 'test'
  requires_python: '>=3.10'
- pypi: https://files.pythonhosted.org/packages/98/18/f08867a10c1c67064c5cf42c99884de7b9395ca2f0468ff346b1d2351021/ipylab-1.1.0-py3-none-any.whl
  name: ipylab
  version: 1.1.0
  sha256: a24c29aeb7d6d8b26c150794ef30c8d9ac2e387c47ea49f9afd8fa19dcd07b62
  requires_dist:
  - ipywidgets>=7.6.0,<9
  requires_python: '>=3.8'
- pypi: https://files.pythonhosted.org/packages/b2/90/45c72becc57158facc6a6404f663b77bbcea2519ca57f760e2879ae1315d/ipython-9.11.0-py3-none-any.whl
  name: ipython
  version: 9.11.0
  sha256: 6922d5bcf944c6e525a76a0a304451b60a2b6f875e86656d8bc2dfda5d710e19
  requires_dist:
  - colorama>=0.4.4 ; sys_platform == 'win32'
  - decorator>=5.1.0
  - ipython-pygments-lexers>=1.0.0
  - jedi>=0.18.2
  - matplotlib-inline>=0.1.6
  - pexpect>4.6 ; sys_platform != 'emscripten' and sys_platform != 'win32'
  - prompt-toolkit>=3.0.41,<3.1.0
  - pygments>=2.14.0
  - stack-data>=0.6.0
  - traitlets>=5.13.0
  - black ; extra == 'black'
  - docrepr ; extra == 'doc'
  - exceptiongroup ; extra == 'doc'
  - intersphinx-registry ; extra == 'doc'
  - ipykernel ; extra == 'doc'
  - ipython[matplotlib,test] ; extra == 'doc'
  - setuptools>=80.0 ; extra == 'doc'
  - sphinx-toml==0.0.4 ; extra == 'doc'
  - sphinx-rtd-theme>=0.1.8 ; extra == 'doc'
  - sphinx>=8.0 ; extra == 'doc'
  - typing-extensions ; extra == 'doc'
  - pytest>=7.0.0 ; extra == 'test'
  - pytest-asyncio>=1.0.0 ; extra == 'test'
  - testpath>=0.2 ; extra == 'test'
  - packaging>=23.0.0 ; extra == 'test'
  - setuptools>=80.0 ; extra == 'test'
  - ipython[test] ; extra == 'test-extra'
  - curio ; extra == 'test-extra'
  - jupyter-ai ; extra == 'test-extra'
  - ipython[matplotlib] ; extra == 'test-extra'
  - nbformat ; extra == 'test-extra'
  - nbclient ; extra == 'test-extra'
  - ipykernel>6.30 ; extra == 'test-extra'
  - numpy>=2.0 ; extra == 'test-extra'
  - pandas>2.1 ; extra == 'test-extra'
  - trio>=0.22.0 ; extra == 'test-extra'
  - matplotlib>3.9 ; extra == 'matplotlib'
  - ipython[doc,matplotlib,terminal,test,test-extra] ; extra == 'all'
  - argcomplete>=3.0 ; extra == 'all'
  - types-decorator ; extra == 'all'
  requires_python: '>=3.12'
- pypi: https://files.pythonhosted.org/packages/d9/33/1f075bf72b0b747cb3288d011319aaf64083cf2efef8354174e3ed4540e2/ipython_pygments_lexers-1.1.1-py3-none-any.whl
  name: ipython-pygments-lexers
  version: 1.1.1
  sha256: a9462224a505ade19a605f71f8fa63c2048833ce50abc86768a0d81d876dc81c
  requires_dist:
  - pygments
  requires_python: '>=3.8'
- pypi: https://files.pythonhosted.org/packages/56/6d/0d9848617b9f753b87f214f1c682592f7ca42de085f564352f10f0843026/ipywidgets-8.1.8-py3-none-any.whl
  name: ipywidgets
  version: 8.1.8
  sha256: ecaca67aed704a338f88f67b1181b58f821ab5dc89c1f0f5ef99db43c1c2921e
  requires_dist:
  - comm>=0.1.3
  - ipython>=6.1.0
  - traitlets>=4.3.1
  - widgetsnbextension~=4.0.14
  - jupyterlab-widgets~=3.0.15
  - jsonschema ; extra == 'test'
  - ipykernel ; extra == 'test'
  - pytest>=3.6.0 ; extra == 'test'
  - pytest-cov ; extra == 'test'
  - pytz ; extra == 'test'
  requires_python: '>=3.7'
- pypi: https://files.pythonhosted.org/packages/c0/5a/9cac0c82afec3d09ccd97c8b6502d48f165f9124db81b4bcb90b4af974ee/jedi-0.19.2-py2.py3-none-any.whl
  name: jedi
  version: 0.19.2
  sha256: a8ef22bde8490f57fe5c7681a3c83cb58874daf72b4784de3cce5b6ef6edb5b9
  requires_dist:
  - parso>=0.8.4,<0.9.0
  - jinja2==2.11.3 ; extra == 'docs'
  - markupsafe==1.1.1 ; extra == 'docs'
  - pygments==2.8.1 ; extra == 'docs'
  - alabaster==0.7.12 ; extra == 'docs'
  - babel==2.9.1 ; extra == 'docs'
  - chardet==4.0.0 ; extra == 'docs'
  - commonmark==0.8.1 ; extra == 'docs'
  - docutils==0.17.1 ; extra == 'docs'
  - future==0.18.2 ; extra == 'docs'
  - idna==2.10 ; extra == 'docs'
  - imagesize==1.2.0 ; extra == 'docs'
  - mock==1.0.1 ; extra == 'docs'
  - packaging==20.9 ; extra == 'docs'
  - pyparsing==2.4.7 ; extra == 'docs'
  - pytz==2021.1 ; extra == 'docs'
  - readthedocs-sphinx-ext==2.1.4 ; extra == 'docs'
  - recommonmark==0.5.0 ; extra == 'docs'
  - requests==2.25.1 ; extra == 'docs'
  - six==1.15.0 ; extra == 'docs'
  - snowballstemmer==2.1.0 ; extra == 'docs'
  - sphinx-rtd-theme==0.4.3 ; extra == 'docs'
  - sphinx==1.8.5 ; extra == 'docs'
  - sphinxcontrib-serializinghtml==1.1.4 ; extra == 'docs'
  - sphinxcontrib-websupport==1.2.4 ; extra == 'docs'
  - urllib3==1.26.4 ; extra == 'docs'
  - flake8==5.0.4 ; extra == 'qa'
  - mypy==0.971 ; extra == 'qa'
  - types-setuptools==67.2.0.1 ; extra == 'qa'
  - django ; extra == 'testing'
  - attrs ; extra == 'testing'
  - colorama ; extra == 'testing'
  - docopt ; extra == 'testing'
  - pytest<9.0.0 ; extra == 'testing'
  requires_python: '>=3.6'
- pypi: https://files.pythonhosted.org/packages/2d/0b/ceb7694d864abc0a047649aec263878acb9f792e1fec3e676f22dc9015e3/jupyter_client-8.8.0-py3-none-any.whl
  name: jupyter-client
  version: 8.8.0
  sha256: f93a5b99c5e23a507b773d3a1136bd6e16c67883ccdbd9a829b0bbdb98cd7d7a
  requires_dist:
  - jupyter-core>=5.1
  - python-dateutil>=2.8.2
  - pyzmq>=25.0
  - tornado>=6.4.1
  - traitlets>=5.3
  - ipykernel ; extra == 'docs'
  - myst-parser ; extra == 'docs'
  - pydata-sphinx-theme ; extra == 'docs'
  - sphinx-autodoc-typehints ; extra == 'docs'
  - sphinx>=4 ; extra == 'docs'
  - sphinxcontrib-github-alt ; extra == 'docs'
  - sphinxcontrib-spelling ; extra == 'docs'
  - orjson ; extra == 'orjson'
  - anyio ; extra == 'test'
  - coverage ; extra == 'test'
  - ipykernel>=6.14 ; extra == 'test'
  - msgpack ; extra == 'test'
  - mypy ; platform_python_implementation != 'PyPy' and extra == 'test'
  - paramiko ; sys_platform == 'win32' and extra == 'test'
  - pre-commit ; extra == 'test'
  - pytest ; extra == 'test'
  - pytest-cov ; extra == 'test'
  - pytest-jupyter[client]>=0.6.2 ; extra == 'test'
  - pytest-timeout ; extra == 'test'
  requires_python: '>=3.10'
- pypi: https://files.pythonhosted.org/packages/e7/e7/80988e32bf6f73919a113473a604f5a8f09094de312b9d52b79c2df7612b/jupyter_core-5.9.1-py3-none-any.whl
  name: jupyter-core
  version: 5.9.1
  sha256: ebf87fdc6073d142e114c72c9e29a9d7ca03fad818c5d300ce2adc1fb0743407
  requires_dist:
  - platformdirs>=2.5
  - traitlets>=5.3
  - intersphinx-registry ; extra == 'docs'
  - myst-parser ; extra == 'docs'
  - pydata-sphinx-theme ; extra == 'docs'
  - sphinx-autodoc-typehints ; extra == 'docs'
  - sphinxcontrib-spelling ; extra == 'docs'
  - traitlets ; extra == 'docs'
  - ipykernel ; extra == 'test'
  - pre-commit ; extra == 'test'
  - pytest-cov ; extra == 'test'
  - pytest-timeout ; extra == 'test'
  - pytest<9 ; extra == 'test'
  requires_python: '>=3.10'
- pypi: https://files.pythonhosted.org/packages/ab/b5/36c712098e6191d1b4e349304ef73a8d06aed77e56ceaac8c0a306c7bda1/jupyterlab_widgets-3.0.16-py3-none-any.whl
  name: jupyterlab-widgets
  version: 3.0.16
  sha256: 45fa36d9c6422cf2559198e4db481aa243c7a32d9926b500781c830c80f7ecf8
  requires_python: '>=3.7'
- conda: https://conda.anaconda.org/conda-forge/osx-arm64/libcxx-22.1.0-h55c6f16_1.conda
  sha256: ce1049fa6fda9cf08ff1c50fb39573b5b0ea6958375d8ea7ccd8456ab81a0bcb
  md5: e9c56daea841013e7774b5cd46f41564
  depends:
  - __osx >=11.0
  arch: arm64
  platform: osx
  license: Apache-2.0 WITH LLVM-exception
  license_family: Apache
  purls: []
  size: 568910
  timestamp: 1772001095642
- conda: https://conda.anaconda.org/conda-forge/osx-arm64/libexpat-2.7.4-hf6b4638_0.conda
  sha256: 03887d8080d6a8fe02d75b80929271b39697ecca7628f0657d7afaea87761edf
  md5: a92e310ae8dfc206ff449f362fc4217f
  depends:
  - __osx >=11.0
  constrains:
  - expat 2.7.4.*
  arch: arm64
  platform: osx
  license: MIT
  license_family: MIT
  purls: []
  size: 68199
  timestamp: 1771260020767
- conda: https://conda.anaconda.org/conda-forge/osx-arm64/libffi-3.5.2-hcf2aa1b_0.conda
  sha256: 6686a26466a527585e6a75cc2a242bf4a3d97d6d6c86424a441677917f28bec7
  md5: 43c04d9cb46ef176bb2a4c77e324d599
  depends:
  - __osx >=11.0
  arch: arm64
  platform: osx
  license: MIT
  license_family: MIT
  purls: []
  size: 40979
  timestamp: 1769456747661
- conda: https://conda.anaconda.org/conda-forge/osx-arm64/liblzma-5.8.2-h8088a28_0.conda
  sha256: 7bfc7ffb2d6a9629357a70d4eadeadb6f88fa26ebc28f606b1c1e5e5ed99dc7e
  md5: 009f0d956d7bfb00de86901d16e486c7
  depends:
  - __osx >=11.0
  constrains:
  - xz 5.8.2.*
  arch: arm64
  platform: osx
  license: 0BSD
  purls: []
  size: 92242
  timestamp: 1768752982486
- conda: https://conda.anaconda.org/conda-forge/osx-arm64/libmpdec-4.0.0-h84a0fba_1.conda
  sha256: 1089c7f15d5b62c622625ec6700732ece83be8b705da8c6607f4dabb0c4bd6d2
  md5: 57c4be259f5e0b99a5983799a228ae55
  depends:
  - __osx >=11.0
  arch: arm64
  platform: osx
  license: BSD-2-Clause
  license_family: BSD
  purls: []
  size: 73690
  timestamp: 1769482560514
- conda: https://conda.anaconda.org/conda-forge/osx-arm64/libsqlite-3.52.0-h1ae2325_0.conda
  sha256: beb0fd5594d6d7c7cd42c992b6bb4d66cbb39d6c94a8234f15956da99a04306c
  md5: f6233a3fddc35a2ec9f617f79d6f3d71
  depends:
  - __osx >=11.0
  - icu >=78.2,<79.0a0
  - libzlib >=1.3.1,<2.0a0
  arch: arm64
  platform: osx
  license: blessing
  purls: []
  size: 918420
  timestamp: 1772819478684
- conda: https://conda.anaconda.org/conda-forge/osx-arm64/libzlib-1.3.1-h8359307_2.conda
  sha256: ce34669eadaba351cd54910743e6a2261b67009624dbc7daeeafdef93616711b
  md5: 369964e85dc26bfe78f41399b366c435
  depends:
  - __osx >=11.0
  constrains:
  - zlib 1.3.1 *_2
  arch: arm64
  platform: osx
  license: Zlib
  license_family: Other
  purls: []
  size: 46438
  timestamp: 1727963202283
- pypi: https://files.pythonhosted.org/packages/af/33/ee4519fa02ed11a94aef9559552f3b17bb863f2ecfe1a35dc7f548cde231/matplotlib_inline-0.2.1-py3-none-any.whl
  name: matplotlib-inline
  version: 0.2.1
  sha256: d56ce5156ba6085e00a9d54fead6ed29a9c47e215cd1bba2e976ef39f5710a76
  requires_dist:
  - traitlets
  - flake8 ; extra == 'test'
  - nbdime ; extra == 'test'
  - nbval ; extra == 'test'
  - notebook ; extra == 'test'
  - pytest ; extra == 'test'
  requires_python: '>=3.9'
- pypi: https://files.pythonhosted.org/packages/43/e3/7d92a15f894aa0c9c4b49b8ee9ac9850d6e63b03c9c32c0367a13ae62209/mpmath-1.3.0-py3-none-any.whl
  name: mpmath
  version: 1.3.0
  sha256: a0b2b9fe80bbcd81a6647ff13108738cfb482d481d826cc0e02f5b35e5c88d2c
  requires_dist:
  - pytest>=4.6 ; extra == 'develop'
  - pycodestyle ; extra == 'develop'
  - pytest-cov ; extra == 'develop'
  - codecov ; extra == 'develop'
  - wheel ; extra == 'develop'
  - sphinx ; extra == 'docs'
  - gmpy2>=2.1.0a4 ; platform_python_implementation != 'PyPy' and extra == 'gmpy'
  - pytest>=4.6 ; extra == 'tests'
- conda: https://conda.anaconda.org/conda-forge/osx-arm64/ncurses-6.5-h5e97a16_3.conda
  sha256: 2827ada40e8d9ca69a153a45f7fd14f32b2ead7045d3bbb5d10964898fe65733
  md5: 068d497125e4bf8a66bf707254fff5ae
  depends:
  - __osx >=11.0
  arch: arm64
  platform: osx
  license: X11 AND BSD-3-Clause
  purls: []
  size: 797030
  timestamp: 1738196177597
- pypi: https://files.pythonhosted.org/packages/a0/c4/c2971a3ba4c6103a3d10c4b0f24f461ddc027f0f09763220cf35ca1401b3/nest_asyncio-1.6.0-py3-none-any.whl
  name: nest-asyncio
  version: 1.6.0
  sha256: 87af6efd6b5e897c81050477ef65c62e2b2f35d51703cae01aff2905b1852e1c
  requires_python: '>=3.5'
- pypi: https://files.pythonhosted.org/packages/9e/c9/b2622292ea83fbb4ec318f5b9ab867d0a28ab43c5717bb85b0a5f6b3b0a4/networkx-3.6.1-py3-none-any.whl
  name: networkx
  version: 3.6.1
  sha256: d47fbf302e7d9cbbb9e2555a0d267983d2aa476bac30e90dfbe5669bd57f3762
  requires_dist:
  - asv ; extra == 'benchmarking'
  - virtualenv ; extra == 'benchmarking'
  - numpy>=1.25 ; extra == 'default'
  - scipy>=1.11.2 ; extra == 'default'
  - matplotlib>=3.8 ; extra == 'default'
  - pandas>=2.0 ; extra == 'default'
  - pre-commit>=4.1 ; extra == 'developer'
  - mypy>=1.15 ; extra == 'developer'
  - sphinx>=8.0 ; extra == 'doc'
  - pydata-sphinx-theme>=0.16 ; extra == 'doc'
  - sphinx-gallery>=0.18 ; extra == 'doc'
  - numpydoc>=1.8.0 ; extra == 'doc'
  - pillow>=10 ; extra == 'doc'
  - texext>=0.6.7 ; extra == 'doc'
  - myst-nb>=1.1 ; extra == 'doc'
  - intersphinx-registry ; extra == 'doc'
  - osmnx>=2.0.0 ; extra == 'example'
  - momepy>=0.7.2 ; extra == 'example'
  - contextily>=1.6 ; extra == 'example'
  - seaborn>=0.13 ; extra == 'example'
  - cairocffi>=1.7 ; extra == 'example'
  - igraph>=0.11 ; extra == 'example'
  - scikit-learn>=1.5 ; extra == 'example'
  - iplotx>=0.9.0 ; extra == 'example'
  - lxml>=4.6 ; extra == 'extra'
  - pygraphviz>=1.14 ; extra == 'extra'
  - pydot>=3.0.1 ; extra == 'extra'
  - sympy>=1.10 ; extra == 'extra'
  - build>=0.10 ; extra == 'release'
  - twine>=4.0 ; extra == 'release'
  - wheel>=0.40 ; extra == 'release'
  - changelist==0.5 ; extra == 'release'
  - pytest>=7.2 ; extra == 'test'
  - pytest-cov>=4.0 ; extra == 'test'
  - pytest-xdist>=3.0 ; extra == 'test'
  - pytest-mpl ; extra == 'test-extras'
  - pytest-randomly ; extra == 'test-extras'
  requires_python: '>=3.11,!=3.14.1'
- pypi: https://files.pythonhosted.org/packages/25/7a/1fee4329abc705a469a4afe6e69b1ef7e915117747886327104a8493a955/numpy-2.4.2-cp314-cp314-macosx_11_0_arm64.whl
  name: numpy
  version: 2.4.2
  sha256: d1240d50adff70c2a88217698ca844723068533f3f5c5fa6ee2e3220e3bdb000
  requires_python: '>=3.11'
- conda: https://conda.anaconda.org/conda-forge/osx-arm64/openssl-3.5.5-hd24854e_1.conda
  sha256: b5d7e74191365af352b68abee7c1930bcba7eb5b6b108d5295b5d1fa8d159e07
  md5: e991d4b72e9a7165dc995bee0a4eee75
  depends:
  - __osx >=11.0
  - ca-certificates
  arch: arm64
  platform: osx
  license: Apache-2.0
  license_family: Apache
  purls: []
  size: 3060159
  timestamp: 1769560771989
- pypi: https://files.pythonhosted.org/packages/b7/b9/c538f279a4e237a006a2c98387d081e9eb060d203d8ed34467cc0f0b9b53/packaging-26.0-py3-none-any.whl
  name: packaging
  version: '26.0'
  sha256: b36f1fef9334a5588b4166f8bcd26a14e521f2b55e6b9de3aaa80d3ff7a37529
  requires_python: '>=3.8'
- pypi: https://files.pythonhosted.org/packages/b6/61/fae042894f4296ec49e3f193aff5d7c18440da9e48102c3315e1bc4519a7/parso-0.8.6-py2.py3-none-any.whl
  name: parso
  version: 0.8.6
  sha256: 2c549f800b70a5c4952197248825584cb00f033b29c692671d3bf08bf380baff
  requires_dist:
  - pytest ; extra == 'testing'
  - docopt ; extra == 'testing'
  - flake8==5.0.4 ; extra == 'qa'
  - zuban==0.5.1 ; extra == 'qa'
  - types-setuptools==67.2.0.1 ; extra == 'qa'
  requires_python: '>=3.6'
- pypi: https://files.pythonhosted.org/packages/9e/c3/059298687310d527a58bb01f3b1965787ee3b40dce76752eda8b44e9a2c5/pexpect-4.9.0-py2.py3-none-any.whl
  name: pexpect
  version: 4.9.0
  sha256: 7236d1e080e4936be2dc3e326cec0af72acf9212a7e1d060210e70a47e253523
  requires_dist:
  - ptyprocess>=0.5
- pypi: https://files.pythonhosted.org/packages/63/d7/97f7e3a6abb67d8080dd406fd4df842c2be0efaf712d1c899c32a075027c/platformdirs-4.9.4-py3-none-any.whl
  name: platformdirs
  version: 4.9.4
  sha256: 68a9a4619a666ea6439f2ff250c12a853cd1cbd5158d258bd824a7df6be2f868
  requires_python: '>=3.10'
- pypi: https://files.pythonhosted.org/packages/0a/49/737c1a6273c585719858261753da0b688454d1b634438ccba8a9c4eb5aab/polars-1.38.1-py3-none-any.whl
  name: polars
  version: 1.38.1
  sha256: a29479c48fed4984d88b656486d221f638cba45d3e961631a50ee5fdde38cb2c
  requires_dist:
  - polars-runtime-32==1.38.1
  - polars-runtime-64==1.38.1 ; extra == 'rt64'
  - polars-runtime-compat==1.38.1 ; extra == 'rtcompat'
  - polars-cloud>=0.4.0 ; extra == 'polars-cloud'
  - numpy>=1.16.0 ; extra == 'numpy'
  - pandas ; extra == 'pandas'
  - polars[pyarrow] ; extra == 'pandas'
  - pyarrow>=7.0.0 ; extra == 'pyarrow'
  - pydantic ; extra == 'pydantic'
  - fastexcel>=0.9 ; extra == 'calamine'
  - openpyxl>=3.0.0 ; extra == 'openpyxl'
  - xlsx2csv>=0.8.0 ; extra == 'xlsx2csv'
  - xlsxwriter ; extra == 'xlsxwriter'
  - polars[calamine,openpyxl,xlsx2csv,xlsxwriter] ; extra == 'excel'
  - adbc-driver-manager[dbapi] ; extra == 'adbc'
  - adbc-driver-sqlite[dbapi] ; extra == 'adbc'
  - connectorx>=0.3.2 ; extra == 'connectorx'
  - sqlalchemy ; extra == 'sqlalchemy'
  - polars[pandas] ; extra == 'sqlalchemy'
  - polars[adbc,connectorx,sqlalchemy] ; extra == 'database'
  - fsspec ; extra == 'fsspec'
  - deltalake>=1.0.0 ; extra == 'deltalake'
  - pyiceberg>=0.7.1 ; extra == 'iceberg'
  - gevent ; extra == 'async'
  - cloudpickle ; extra == 'cloudpickle'
  - matplotlib ; extra == 'graph'
  - altair>=5.4.0 ; extra == 'plot'
  - great-tables>=0.8.0 ; extra == 'style'
  - tzdata ; sys_platform == 'win32' and extra == 'timezone'
  - cudf-polars-cu12 ; extra == 'gpu'
  - polars[async,cloudpickle,database,deltalake,excel,fsspec,graph,iceberg,numpy,pandas,plot,pyarrow,pydantic,style,timezone] ; extra == 'all'
  requires_python: '>=3.10'
- pypi: https://files.pythonhosted.org/packages/a7/fb/599ff3709e6a303024efd7edfd08cf8de55c6ac39527d8f41cbc4399385f/polars_runtime_32-1.38.1-cp310-abi3-macosx_11_0_arm64.whl
  name: polars-runtime-32
  version: 1.38.1
  sha256: c49acac34cc4049ed188f1eb67d6ff3971a39b4af7f7b734b367119970f313ac
  requires_python: '>=3.10'
- pypi: https://files.pythonhosted.org/packages/84/03/0d3ce49e2505ae70cf43bc5bb3033955d2fc9f932163e84dc0779cc47f48/prompt_toolkit-3.0.52-py3-none-any.whl
  name: prompt-toolkit
  version: 3.0.52
  sha256: 9aac639a3bbd33284347de5ad8d68ecc044b91a762dc39b7c21095fcd6a19955
  requires_dist:
  - wcwidth
  requires_python: '>=3.8'
- pypi: https://files.pythonhosted.org/packages/80/c4/f5af4c1ca8c1eeb2e92ccca14ce8effdeec651d5ab6053c589b074eda6e1/psutil-7.2.2-cp36-abi3-macosx_11_0_arm64.whl
  name: psutil
  version: 7.2.2
  sha256: 1a7b04c10f32cc88ab39cbf606e117fd74721c831c98a27dc04578deb0c16979
  requires_dist:
  - psleak ; extra == 'dev'
  - pytest ; extra == 'dev'
  - pytest-instafail ; extra == 'dev'
  - pytest-xdist ; extra == 'dev'
  - setuptools ; extra == 'dev'
  - abi3audit ; extra == 'dev'
  - black ; extra == 'dev'
  - check-manifest ; extra == 'dev'
  - coverage ; extra == 'dev'
  - packaging ; extra == 'dev'
  - pylint ; extra == 'dev'
  - pyperf ; extra == 'dev'
  - pypinfo ; extra == 'dev'
  - pytest-cov ; extra == 'dev'
  - requests ; extra == 'dev'
  - rstcheck ; extra == 'dev'
  - ruff ; extra == 'dev'
  - sphinx ; extra == 'dev'
  - sphinx-rtd-theme ; extra == 'dev'
  - toml-sort ; extra == 'dev'
  - twine ; extra == 'dev'
  - validate-pyproject[all] ; extra == 'dev'
  - virtualenv ; extra == 'dev'
  - vulture ; extra == 'dev'
  - wheel ; extra == 'dev'
  - colorama ; os_name == 'nt' and extra == 'dev'
  - pyreadline3 ; os_name == 'nt' and extra == 'dev'
  - pywin32 ; implementation_name != 'pypy' and os_name == 'nt' and extra == 'dev'
  - wheel ; implementation_name != 'pypy' and os_name == 'nt' and extra == 'dev'
  - wmi ; implementation_name != 'pypy' and os_name == 'nt' and extra == 'dev'
  - psleak ; extra == 'test'
  - pytest ; extra == 'test'
  - pytest-instafail ; extra == 'test'
  - pytest-xdist ; extra == 'test'
  - setuptools ; extra == 'test'
  - pywin32 ; implementation_name != 'pypy' and os_name == 'nt' and extra == 'test'
  - wheel ; implementation_name != 'pypy' and os_name == 'nt' and extra == 'test'
  - wmi ; implementation_name != 'pypy' and os_name == 'nt' and extra == 'test'
  requires_python: '>=3.6'
- pypi: https://files.pythonhosted.org/packages/22/a6/858897256d0deac81a172289110f31629fc4cee19b6f01283303e18c8db3/ptyprocess-0.7.0-py2.py3-none-any.whl
  name: ptyprocess
  version: 0.7.0
  sha256: 4b41f3967fce3af57cc7e94b888626c18bf37a083e3651ca8feeb66d492fef35
- pypi: https://files.pythonhosted.org/packages/8e/37/efad0257dc6e593a18957422533ff0f87ede7c9c6ea010a2177d738fb82f/pure_eval-0.2.3-py3-none-any.whl
  name: pure-eval
  version: 0.2.3
  sha256: 1db8e35b67b3d218d818ae653e27f06c3aa420901fa7b081ca98cbedc874e0d0
  requires_dist:
  - pytest ; extra == 'tests'
- pypi: https://files.pythonhosted.org/packages/c7/21/705964c7812476f378728bdf590ca4b771ec72385c533964653c68e86bdc/pygments-2.19.2-py3-none-any.whl
  name: pygments
  version: 2.19.2
  sha256: 86540386c03d588bb81d44bc3928634ff26449851e99741617ecb9037ee5ec0b
  requires_dist:
  - colorama>=0.4.6 ; extra == 'windows-terminal'
  requires_python: '>=3.8'
- pypi: https://files.pythonhosted.org/packages/df/80/fc9d01d5ed37ba4c42ca2b55b4339ae6e200b456be3a1aaddf4a9fa99b8c/pyperclip-1.11.0-py3-none-any.whl
  name: pyperclip
  version: 1.11.0
  sha256: 299403e9ff44581cb9ba2ffeed69c7aa96a008622ad0c46cb575ca75b5b84273
- conda: https://conda.anaconda.org/conda-forge/osx-arm64/python-3.14.3-h4c637c5_101_cp314.conda
  build_number: 101
  sha256: fccce2af62d11328d232df9f6bbf63464fd45f81f718c661757f9c628c4378ce
  md5: 753c8d0447677acb7ddbcc6e03e82661
  depends:
  - __osx >=11.0
  - bzip2 >=1.0.8,<2.0a0
  - libexpat >=2.7.3,<3.0a0
  - libffi >=3.5.2,<3.6.0a0
  - liblzma >=5.8.2,<6.0a0
  - libmpdec >=4.0.0,<5.0a0
  - libsqlite >=3.51.2,<4.0a0
  - libzlib >=1.3.1,<2.0a0
  - ncurses >=6.5,<7.0a0
  - openssl >=3.5.5,<4.0a0
  - python_abi 3.14.* *_cp314
  - readline >=8.3,<9.0a0
  - tk >=8.6.13,<8.7.0a0
  - tzdata
  - zstd >=1.5.7,<1.6.0a0
  arch: arm64
  platform: osx
  license: Python-2.0
  purls: []
  size: 13522698
  timestamp: 1770675365241
  python_site_packages_path: lib/python3.14/site-packages
- pypi: https://files.pythonhosted.org/packages/ec/57/56b9bcc3c9c6a792fcbaf139543cee77261f3651ca9da0c93f5c1221264b/python_dateutil-2.9.0.post0-py2.py3-none-any.whl
  name: python-dateutil
  version: 2.9.0.post0
  sha256: a8b2bc7bffae282281c8140a97d3aa9c14da0b136dfe83f850eea9a5f7470427
  requires_dist:
  - six>=1.5
  requires_python: '>=2.7,!=3.0.*,!=3.1.*,!=3.2.*'
- conda: https://conda.anaconda.org/conda-forge/noarch/python_abi-3.14-8_cp314.conda
  build_number: 8
  sha256: ad6d2e9ac39751cc0529dd1566a26751a0bf2542adb0c232533d32e176e21db5
  md5: 0539938c55b6b1a59b560e843ad864a4
  constrains:
  - python 3.14.* *_cp314
  license: BSD-3-Clause
  license_family: BSD
  purls: []
  size: 6989
  timestamp: 1752805904792
- pypi: https://files.pythonhosted.org/packages/92/e7/038aab64a946d535901103da16b953c8c9cc9c961dadcbf3609ed6428d23/pyzmq-27.1.0-cp312-abi3-macosx_10_15_universal2.whl
  name: pyzmq
  version: 27.1.0
  sha256: 452631b640340c928fa343801b0d07eb0c3789a5ffa843f6e1a9cee0ba4eb4fc
  requires_dist:
  - cffi ; implementation_name == 'pypy'
  requires_python: '>=3.8'
- conda: https://conda.anaconda.org/conda-forge/osx-arm64/readline-8.3-h46df422_0.conda
  sha256: a77010528efb4b548ac2a4484eaf7e1c3907f2aec86123ed9c5212ae44502477
  md5: f8381319127120ce51e081dce4865cf4
  depends:
  - __osx >=11.0
  - ncurses >=6.5,<7.0a0
  arch: arm64
  platform: osx
  license: GPL-3.0-only
  license_family: GPL
  purls: []
  size: 313930
  timestamp: 1765813902568
- pypi: https://files.pythonhosted.org/packages/1e/db/4254e3eabe8020b458f1a747140d32277ec7a271daf1d235b70dc0b4e6e3/requests-2.32.5-py3-none-any.whl
  name: requests
  version: 2.32.5
  sha256: 2462f94637a34fd532264295e186976db0f5d453d1cdd31473c85a6a161affb6
  requires_dist:
  - charset-normalizer>=2,<4
  - idna>=2.5,<4
  - urllib3>=1.21.1,<3
  - certifi>=2017.4.17
  - pysocks>=1.5.6,!=1.5.7 ; extra == 'socks'
  - chardet>=3.0.2,<6 ; extra == 'use-chardet-on-py3'
  requires_python: '>=3.9'
- pypi: https://files.pythonhosted.org/packages/b7/ce/149a00dd41f10bc29e5921b496af8b574d8413afcd5e30dfa0ed46c2cc5e/six-1.17.0-py2.py3-none-any.whl
  name: six
  version: 1.17.0
  sha256: 4721f391ed90541fddacab5acf947aa0d3dc7d27b2e1e8eda2be8970586c3274
  requires_python: '>=2.7,!=3.0.*,!=3.1.*,!=3.2.*'
- pypi: https://files.pythonhosted.org/packages/f1/7b/ce1eafaf1a76852e2ec9b22edecf1daa58175c090266e9f6c64afcd81d91/stack_data-0.6.3-py3-none-any.whl
  name: stack-data
  version: 0.6.3
  sha256: d5558e0c25a4cb0853cddad3d77da9891a08cb85dd9f9f91b9f8cd66e511e695
  requires_dist:
  - executing>=1.2.0
  - asttokens>=2.1.0
  - pure-eval
  - pytest ; extra == 'tests'
  - typeguard ; extra == 'tests'
  - pygments ; extra == 'tests'
  - littleutils ; extra == 'tests'
  - cython ; extra == 'tests'
- pypi: https://files.pythonhosted.org/packages/a2/09/77d55d46fd61b4a135c444fc97158ef34a095e5681d0a6c10b75bf356191/sympy-1.14.0-py3-none-any.whl
  name: sympy
  version: 1.14.0
  sha256: e091cc3e99d2141a0ba2847328f5479b05d94a6635cb96148ccb3f34671bd8f5
  requires_dist:
  - mpmath>=1.1.0,<1.4
  - pytest>=7.1.0 ; extra == 'dev'
  - hypothesis>=6.70.0 ; extra == 'dev'
  requires_python: '>=3.9'
- conda: https://conda.anaconda.org/conda-forge/osx-arm64/tk-8.6.13-h010d191_3.conda
  sha256: 799cab4b6cde62f91f750149995d149bc9db525ec12595e8a1d91b9317f038b3
  md5: a9d86bc62f39b94c4661716624eb21b0
  depends:
  - __osx >=11.0
  - libzlib >=1.3.1,<2.0a0
  arch: arm64
  platform: osx
  license: TCL
  license_family: BSD
  purls: []
  size: 3127137
  timestamp: 1769460817696
- pypi: https://files.pythonhosted.org/packages/ab/a9/e94a9d5224107d7ce3cc1fab8d5dc97f5ea351ccc6322ee4fb661da94e35/tornado-6.5.4-cp39-abi3-macosx_10_9_universal2.whl
  name: tornado
  version: 6.5.4
  sha256: d6241c1a16b1c9e4cc28148b1cda97dd1c6cb4fb7068ac1bedc610768dff0ba9
  requires_python: '>=3.9'
- pypi: https://files.pythonhosted.org/packages/00/c0/8f5d070730d7836adc9c9b6408dec68c6ced86b304a9b26a14df072a6e8c/traitlets-5.14.3-py3-none-any.whl
  name: traitlets
  version: 5.14.3
  sha256: b74e89e397b1ed28cc831db7aea759ba6640cb3de13090ca145426688ff1ac4f
  requires_dist:
  - myst-parser ; extra == 'docs'
  - pydata-sphinx-theme ; extra == 'docs'
  - sphinx ; extra == 'docs'
  - argcomplete>=3.0.3 ; extra == 'test'
  - mypy>=1.7.0 ; extra == 'test'
  - pre-commit ; extra == 'test'
  - pytest-mock ; extra == 'test'
  - pytest-mypy-testing ; extra == 'test'
  - pytest>=7.0,<8.2 ; extra == 'test'
  requires_python: '>=3.8'
- conda: https://conda.anaconda.org/conda-forge/noarch/tzdata-2025c-hc9c84f9_1.conda
  sha256: 1d30098909076af33a35017eed6f2953af1c769e273a0626a04722ac4acaba3c
  md5: ad659d0a2b3e47e38d829aa8cad2d610
  license: LicenseRef-Public-Domain
  purls: []
  size: 119135
  timestamp: 1767016325805
- pypi: https://files.pythonhosted.org/packages/39/08/aaaad47bc4e9dc8c725e68f9d04865dbcb2052843ff09c97b08904852d84/urllib3-2.6.3-py3-none-any.whl
  name: urllib3
  version: 2.6.3
  sha256: bf272323e553dfb2e87d9bfd225ca7b0f467b919d7bbd355436d3fd37cb0acd4
  requires_dist:
  - brotli>=1.2.0 ; platform_python_implementation == 'CPython' and extra == 'brotli'
  - brotlicffi>=1.2.0.0 ; platform_python_implementation != 'CPython' and extra == 'brotli'
  - h2>=4,<5 ; extra == 'h2'
  - pysocks>=1.5.6,!=1.5.7,<2.0 ; extra == 'socks'
  - backports-zstd>=1.0.0 ; python_full_version < '3.14' and extra == 'zstd'
  requires_python: '>=3.9'
- conda: https://conda.anaconda.org/conda-forge/osx-arm64/uv-0.10.8-h9b11cc2_0.conda
  sha256: 1837b58abcfe7074f4b5289abe6ad58cb367ddb476657327e91d8a1444465bfd
  md5: 38da6bf3652752eaf3354a8021b4aca0
  depends:
  - libcxx >=19
  - __osx >=11.0
  constrains:
  - __osx >=11.0
  arch: arm64
  platform: osx
  license: Apache-2.0 OR MIT
  purls: []
  size: 15736453
  timestamp: 1772588978714
- pypi: https://files.pythonhosted.org/packages/68/5a/199c59e0a824a3db2b89c5d2dade7ab5f9624dbf6448dc291b46d5ec94d3/wcwidth-0.6.0-py3-none-any.whl
  name: wcwidth
  version: 0.6.0
  sha256: 1a3a1e510b553315f8e146c54764f4fb6264ffad731b3d78088cdb1478ffbdad
  requires_python: '>=3.8'
- pypi: https://files.pythonhosted.org/packages/bb/f4/d3c9220d818ee955ae390cf319a7c7a467beceb24f05ee7aaaa2414345ba/websockets-16.0-cp314-cp314-macosx_11_0_arm64.whl
  name: websockets
  version: '16.0'
  sha256: fd3cb4adb94a2a6e2b7c0d8d05cb94e6f1c81a0cf9dc2694fb65c7e8d94c42e4
  requires_python: '>=3.10'
- pypi: https://files.pythonhosted.org/packages/3f/0e/fa3b193432cfc60c93b42f3be03365f5f909d2b3ea410295cf36df739e31/widgetsnbextension-4.0.15-py3-none-any.whl
  name: widgetsnbextension
  version: 4.0.15
  sha256: 8156704e4346a571d9ce73b84bee86a29906c9abfd7223b7228a28899ccf3366
  requires_python: '>=3.7'
- pypi: https://files.pythonhosted.org/packages/dd/7b/3471405875d0b5fac642e9a879b2c7db63642370799b2e9eea8297ffbad0/xmlschema-4.3.1-py3-none-any.whl
  name: xmlschema
  version: 4.3.1
  sha256: 9560314d70ae87be0aecb8712cfebed636f867707ccf9758d4b0645d607f64b9
  requires_dist:
  - elementpath>=5.1.0,<6.0.0
  - jinja2 ; extra == 'codegen'
  - coverage ; extra == 'dev'
  - flake8 ; extra == 'dev'
  - lxml ; extra == 'dev'
  - lxml-stubs ; extra == 'dev'
  - mypy ; extra == 'dev'
  - psutil ; extra == 'dev'
  - tox ; extra == 'dev'
  - xmlschema[docs] ; extra == 'dev'
  - jinja2 ; extra == 'docs'
  - sphinx ; extra == 'docs'
  - sphinx-rtd-theme ; extra == 'docs'
  requires_python: '>=3.10'
- conda: https://conda.anaconda.org/conda-forge/osx-arm64/zstd-1.5.7-hbf9d68e_6.conda
  sha256: 9485ba49e8f47d2b597dd399e88f4802e100851b27c21d7525625b0b4025a5d9
  md5: ab136e4c34e97f34fb621d2592a393d8
  depends:
  - __osx >=11.0
  - libzlib >=1.3.1,<2.0a0
  arch: arm64
  platform: osx
  license: BSD-3-Clause
  license_family: BSD
  purls: []
  size: 433413
  timestamp: 1764777166076
